<?xml version="1.0" encoding="utf-8"?>
<Project ToolsVersion="4.0" xmlns="http://schemas.microsoft.com/developer/msbuild/2003">
  <ItemGroup>
    <ClCompile Include="Main.cpp" />
    <ClCompile Include="Device.cpp" />
    <ClCompile Include="Font.cpp" />
    <ClCompile Include="stdafx.cpp" />
    <ClCompile Include="Timer.cpp" />
    <ClCompile Include="Mesh.cpp">
      <Filter>Resource</Filter>
    </ClCompile>
    <ClCompile Include="ResourcePool.cpp">
      <Filter>Resource</Filter>
    </ClCompile>
    <ClCompile Include="Material.cpp">
      <Filter>Resource</Filter>
    </ClCompile>
    <ClCompile Include="Texture.cpp">
      <Filter>Resource</Filter>
    </ClCompile>
  </ItemGroup>
  <ItemGroup>
    <ClInclude Include="Color.h" />
    <ClInclude Include="Device.h" />
    <ClInclude Include="Font.h" />
    <ClInclude Include="Singleton.h" />
    <ClInclude Include="stdafx.h" />
    <ClInclude Include="Timer.h" />
    <ClInclude Include="IResourceItem.h">
      <Filter>Resource</Filter>
    </ClInclude>
    <ClInclude Include="Mesh.h">
      <Filter>Resource</Filter>
    </ClInclude>
    <ClInclude Include="ResourcePool.h">
      <Filter>Resource</Filter>
    </ClInclude>
    <ClInclude Include="Material.h">
      <Filter>Resource</Filter>
    </ClInclude>
    <ClInclude Include="Texture.h">
      <Filter>Resource</Filter>
    </ClInclude>
  </ItemGroup>
  <ItemGroup>
    <Filter Include="Resource">
      <UniqueIdentifier>{5cb92e43-206b-4d31-a482-8f58a35c1346}</UniqueIdentifier>
    </Filter>
    <Filter Include="Component">
      <UniqueIdentifier>{5c099174-d285-400a-98a8-2b34d50d5f80}</UniqueIdentifier>
    </Filter>
  </ItemGroup>
</Project>