<?xml version="1.0" encoding="utf-8"?>
<Project ToolsVersion="4.0" xmlns="http://schemas.microsoft.com/developer/msbuild/2003">
  <ItemGroup>
    <ClInclude Include="iwrmxftmpl.h" />
    <ClInclude Include="ResourceManager.h" />
    <ClInclude Include="stdafx.h" />
    <ClInclude Include="Structure.h" />
    <ClInclude Include="Mesh.h">
      <Filter>Resource</Filter>
    </ClInclude>
    <ClInclude Include="SkinnedMeshRenderer.h">
      <Filter>Component</Filter>
    </ClInclude>
    <ClInclude Include="MeshRenderer.h">
      <Filter>Component</Filter>
    </ClInclude>
    <ClInclude Include="Animation.h">
      <Filter>Resource</Filter>
    </ClInclude>
    <ClInclude Include="AnimationController.h">
      <Filter>Resource</Filter>
    </ClInclude>
    <ClInclude Include="Frame.h">
      <Filter>Resource</Filter>
    </ClInclude>
    <ClInclude Include="Renderer.h">
      <Filter>Component</Filter>
    </ClInclude>
    <ClInclude Include="Transform.h">
      <Filter>Component</Filter>
    </ClInclude>
    <ClInclude Include="IResourceItem.h">
      <Filter>Interface</Filter>
    </ClInclude>
    <ClInclude Include="Device.h">
      <Filter>Core</Filter>
    </ClInclude>
    <ClInclude Include="Pool.h">
      <Filter>Core</Filter>
    </ClInclude>
    <ClInclude Include="XFile.h">
      <Filter>Core</Filter>
    </ClInclude>
    <ClInclude Include="Singleton.h">
      <Filter>Core</Filter>
    </ClInclude>
    <ClInclude Include="IComponent.h">
      <Filter>Interface</Filter>
    </ClInclude>
    <ClInclude Include="IXFileData.h">
      <Filter>Interface</Filter>
    </ClInclude>
  </ItemGroup>
  <ItemGroup>
    <ClCompile Include="ResourceManager.cpp" />
    <ClCompile Include="stdafx.cpp" />
    <ClCompile Include="Main.cpp" />
    <ClCompile Include="Mesh.cpp">
      <Filter>Resource</Filter>
    </ClCompile>
    <ClCompile Include="SkinnedMeshRenderer.cpp">
      <Filter>Component</Filter>
    </ClCompile>
    <ClCompile Include="MeshRenderer.cpp">
      <Filter>Component</Filter>
    </ClCompile>
    <ClCompile Include="Animation.cpp">
      <Filter>Resource</Filter>
    </ClCompile>
    <ClCompile Include="AnimationController.cpp">
      <Filter>Resource</Filter>
    </ClCompile>
    <ClCompile Include="Frame.cpp">
      <Filter>Resource</Filter>
    </ClCompile>
    <ClCompile Include="Renderer.cpp">
      <Filter>Component</Filter>
    </ClCompile>
    <ClCompile Include="Transform.cpp">
      <Filter>Component</Filter>
    </ClCompile>
    <ClCompile Include="Device.cpp">
      <Filter>Core</Filter>
    </ClCompile>
    <ClCompile Include="Pool.cpp">
      <Filter>Core</Filter>
    </ClCompile>
    <ClCompile Include="XFile.cpp">
      <Filter>Core</Filter>
    </ClCompile>
  </ItemGroup>
  <ItemGroup>
    <Filter Include="Interface">
      <UniqueIdentifier>{d33024e7-e12b-44e0-a32f-863859b7915e}</UniqueIdentifier>
    </Filter>
    <Filter Include="Component">
      <UniqueIdentifier>{d8e08bd5-d85e-4467-a067-9d6bb840161f}</UniqueIdentifier>
    </Filter>
    <Filter Include="Resource">
      <UniqueIdentifier>{35d6ce0d-7fa5-4503-a7e1-98ecd66f52a4}</UniqueIdentifier>
    </Filter>
    <Filter Include="Core">
      <UniqueIdentifier>{7cf7c1d5-946c-4edc-bd21-4e345da02131}</UniqueIdentifier>
    </Filter>
  </ItemGroup>
</Project>